# This file is automatically @generated by Cargo.
# It is not intended for manual editing.
version = 3

[[package]]
name = "apres"
version = "0.3.4"
source = "registry+https://github.com/rust-lang/crates.io-index"
checksum = "56be0b916c193860f9ab12d4f880f1c2c7015c722e4c5ba367536ed0dc511c75"

[[package]]
name = "arrayvec"
version = "0.7.2"
source = "registry+https://github.com/rust-lang/crates.io-index"
checksum = "8da52d66c7071e2e3fa2a1e5c6d088fec47b593032b254f5e980de8ea54454d6"

[[package]]
name = "bitflags"
version = "1.3.2"
source = "registry+https://github.com/rust-lang/crates.io-index"
checksum = "bef38d45163c2f1dde094a7dfd33ccf595c92905c8f8f4fdc18d06fb1037718a"

[[package]]
name = "bytemuck"
version = "1.12.2"
source = "registry+https://github.com/rust-lang/crates.io-index"
checksum = "5aec14f5d4e6e3f927cd0c81f72e5710d95ee9019fbeb4b3021193867491bfd8"

[[package]]
name = "cfg-if"
version = "1.0.0"
source = "registry+https://github.com/rust-lang/crates.io-index"
checksum = "baf1de4339761588bc0619e3cbc0120ee582ebb74b53b4efbf79117bd2da40fd"

[[package]]
name = "encoding_rs"
version = "0.8.31"
source = "registry+https://github.com/rust-lang/crates.io-index"
checksum = "9852635589dc9f9ea1b6fe9f05b50ef208c85c834a562f0c6abb1c475736ec2b"
dependencies = [
 "cfg-if",
]

[[package]]
name = "lazy_static"
version = "1.4.0"
source = "registry+https://github.com/rust-lang/crates.io-index"
checksum = "e2abad23fbc42b3700f2f279844dc832adb2b2eb069b2df918f455c4e18cc646"

[[package]]
name = "log"
version = "0.4.17"
source = "registry+https://github.com/rust-lang/crates.io-index"
checksum = "abb12e687cfb44aa40f41fc3978ef76448f9b6038cad6aef4259d3c095a2382e"
dependencies = [
 "cfg-if",
]

[[package]]
name = "one_key_pcmidi"
version = "0.1.0"
dependencies = [
 "apres",
 "symphonia",
]

[[package]]
name = "symphonia"
version = "0.5.1"
source = "registry+https://github.com/rust-lang/crates.io-index"
checksum = "17033fe05e4f7f10a6ad602c272bafd2520b2e5cdd9feb61494d9cdce08e002f"
dependencies = [
 "lazy_static",
 "symphonia-bundle-flac",
 "symphonia-bundle-mp3",
 "symphonia-codec-aac",
 "symphonia-codec-pcm",
 "symphonia-codec-vorbis",
 "symphonia-core",
 "symphonia-format-mkv",
 "symphonia-format-ogg",
 "symphonia-format-wav",
 "symphonia-metadata",
]

[[package]]
name = "symphonia-bundle-flac"
version = "0.5.1"
source = "registry+https://github.com/rust-lang/crates.io-index"
checksum = "044f655337892b217d6df1d8336ee119414c3886c89c72e0156989cd2ad7934a"
dependencies = [
 "log",
 "symphonia-core",
 "symphonia-metadata",
 "symphonia-utils-xiph",
]

[[package]]
name = "symphonia-bundle-mp3"
version = "0.5.1"
source = "registry+https://github.com/rust-lang/crates.io-index"
checksum = "db5d3d53535ae2b7d0e39e82f683cac5398a6c8baca25ff1183e107d13959d3e"
dependencies = [
 "bitflags",
 "lazy_static",
 "log",
 "symphonia-core",
 "symphonia-metadata",
]

[[package]]
name = "symphonia-codec-aac"
version = "0.5.1"
source = "registry+https://github.com/rust-lang/crates.io-index"
checksum = "9e9431b89428c31b01428563df18e52b1aff7c49e71fb80b2fa8e85632094776"
dependencies = [
 "lazy_static",
 "log",
 "symphonia-core",
]

[[package]]
name = "symphonia-codec-pcm"
version = "0.5.1"
source = "registry+https://github.com/rust-lang/crates.io-index"
checksum = "17cca412c954abda6ab62b5e51223568eb604ed8266ec777d99e1d63c608443c"
dependencies = [
 "log",
 "symphonia-core",
]

[[package]]
name = "symphonia-codec-vorbis"
version = "0.5.1"
source = "registry+https://github.com/rust-lang/crates.io-index"
checksum = "323b94435a1a807e1001e29490aeaef2660fb72b145d47497e8429a6cb1d67c3"
dependencies = [
 "log",
 "symphonia-core",
 "symphonia-utils-xiph",
]

[[package]]
name = "symphonia-core"
version = "0.5.1"
source = "registry+https://github.com/rust-lang/crates.io-index"
checksum = "199a6417cd4115bac79289b64b859358ea050b7add0ceb364dc991f628c5b347"
dependencies = [
 "arrayvec",
 "bitflags",
 "bytemuck",
 "lazy_static",
 "log",
]

[[package]]
name = "symphonia-format-mkv"
version = "0.5.1"
source = "registry+https://github.com/rust-lang/crates.io-index"
checksum = "f405400330b2cc0c70e19515198628ae9a6a99a59c77800541127d4cff113b96"
dependencies = [
 "lazy_static",
 "log",
 "symphonia-core",
 "symphonia-metadata",
 "symphonia-utils-xiph",
]

[[package]]
name = "symphonia-format-ogg"
version = "0.5.1"
source = "registry+https://github.com/rust-lang/crates.io-index"
checksum = "8d2f741469a0f103607ed1f2605f7f00b13ba044ea9ddc616764558c6d3d9b7d"
dependencies = [
 "log",
 "symphonia-core",
 "symphonia-metadata",
 "symphonia-utils-xiph",
]

[[package]]
name = "symphonia-format-wav"
version = "0.5.1"
source = "registry+https://github.com/rust-lang/crates.io-index"
checksum = "5f9d771aa6889f05b771e629110f6a60b5e1c0ad580fc41da574bc490fbe2822"
dependencies = [
 "log",
 "symphonia-core",
 "symphonia-metadata",
]

[[package]]
name = "symphonia-metadata"
version = "0.5.1"
source = "registry+https://github.com/rust-lang/crates.io-index"
checksum = "6ed71acf6b5e6e8bee1509597b86365a06b78c1d73218df47357620a6fe5997b"
dependencies = [
 "encoding_rs",
 "lazy_static",
 "log",
 "symphonia-core",
]

[[package]]
name = "symphonia-utils-xiph"
version = "0.5.1"
source = "registry+https://github.com/rust-lang/crates.io-index"
checksum = "73cbb0766ce77a8aef535f9438db645e7b6f1b2c4cf3be9bf246b4e11a7d5531"
dependencies = [
 "symphonia-core",
 "symphonia-metadata",
]
